github.com/benhoyt/goawk v1.6.1 h1:mTGm44ARS4zSQd4IB+2Ea+6Eo0lX4bId30q5+TfVVDc=
github.com/benhoyt/goawk v1.6.1/go.mod h1:UKzPyqDh9O7HZ/ftnU33MYlAP2rPbXdwQ+OVlEOPsjM=
github.com/neovim/go-client v1.1.3 h1:RrjcL8ZdFNtI+w77cp0uWyHZBu2X9fHTvztipdyoZB8=
github.com/neovim/go-client v1.1.3/go.mod h1:R9QUduDri8OKS78u/rAvFZmaw6pPfdb+MiKq0JYnZ+c=
github.com/pkg/errors v0.9.1 h1:FEBLx1zS214owpjy7qsBeixbURkuhQAwrK5UwLGTwt4=
github.com/pkg/errors v0.9.1/go.mod h1:bwawxfHBFNV+L2hUp1rHADufV3IMtnDRdf1r5NINEl0=
